// !$*UTF8*$!
{
	archiveVersion = 1;
	classes = {
	};
	objectVersion = 55;
	objects = {

/* Begin PBXBuildFile section */
		525EC0BF28C70E04005A7346 /* HeroHeaderView.swift in Sources */ = {isa = PBXBuildFile; fileRef = 525EC0BE28C70E04005A7346 /* HeroHeaderView.swift */; };
		525EC0C128C74A4A005A7346 /* APICaller.swift in Sources */ = {isa = PBXBuildFile; fileRef = 525EC0C028C74A4A005A7346 /* APICaller.swift */; };
		525EC0C328C74F57005A7346 /* Title.swift in Sources */ = {isa = PBXBuildFile; fileRef = 525EC0C228C74F57005A7346 /* Title.swift */; };
		525EC0C528C780FB005A7346 /* Extensions.swift in Sources */ = {isa = PBXBuildFile; fileRef = 525EC0C428C780FB005A7346 /* Extensions.swift */; };
		52957B4C28C79D380001073C /* TitleCollectionViewCell.swift in Sources */ = {isa = PBXBuildFile; fileRef = 52957B4B28C79D380001073C /* TitleCollectionViewCell.swift */; };
		52BF08E028C5C1E300F19227 /* AppDelegate.swift in Sources */ = {isa = PBXBuildFile; fileRef = 52BF08DF28C5C1E300F19227 /* AppDelegate.swift */; };
		52BF08E228C5C1E300F19227 /* SceneDelegate.swift in Sources */ = {isa = PBXBuildFile; fileRef = 52BF08E128C5C1E300F19227 /* SceneDelegate.swift */; };
		52BF08E428C5C1E300F19227 /* MainTabBarVC.swift in Sources */ = {isa = PBXBuildFile; fileRef = 52BF08E328C5C1E300F19227 /* MainTabBarVC.swift */; };
		52BF08E928C5C1E400F19227 /* Assets.xcassets in Resources */ = {isa = PBXBuildFile; fileRef = 52BF08E828C5C1E400F19227 /* Assets.xcassets */; };
		52BF08EC28C5C1E400F19227 /* LaunchScreen.storyboard in Resources */ = {isa = PBXBuildFile; fileRef = 52BF08EA28C5C1E400F19227 /* LaunchScreen.storyboard */; };
		52BF08F528C5C5B300F19227 /* HomeVC.swift in Sources */ = {isa = PBXBuildFile; fileRef = 52BF08F428C5C5B300F19227 /* HomeVC.swift */; };
		52BF08F728C5C62200F19227 /* UpcomingVC.swift in Sources */ = {isa = PBXBuildFile; fileRef = 52BF08F628C5C62100F19227 /* UpcomingVC.swift */; };
		52BF08FA28C5C64700F19227 /* SearchVC.swift in Sources */ = {isa = PBXBuildFile; fileRef = 52BF08F928C5C64700F19227 /* SearchVC.swift */; };
		52BF08FC28C5C66D00F19227 /* DownloadsVC.swift in Sources */ = {isa = PBXBuildFile; fileRef = 52BF08FB28C5C66D00F19227 /* DownloadsVC.swift */; };
		52BF090328C653FB00F19227 /* CollectionTableViewCell.swift in Sources */ = {isa = PBXBuildFile; fileRef = 52BF090228C653FB00F19227 /* CollectionTableViewCell.swift */; };
/* End PBXBuildFile section */

/* Begin PBXFileReference section */
		525EC0BE28C70E04005A7346 /* HeroHeaderView.swift */ = {isa = PBXFileReference; lastKnownFileType = sourcecode.swift; path = HeroHeaderView.swift; sourceTree = "<group>"; };
		525EC0C028C74A4A005A7346 /* APICaller.swift */ = {isa = PBXFileReference; lastKnownFileType = sourcecode.swift; path = APICaller.swift; sourceTree = "<group>"; };
		525EC0C228C74F57005A7346 /* Title.swift */ = {isa = PBXFileReference; lastKnownFileType = sourcecode.swift; path = Title.swift; sourceTree = "<group>"; };
		525EC0C428C780FB005A7346 /* Extensions.swift */ = {isa = PBXFileReference; lastKnownFileType = sourcecode.swift; path = Extensions.swift; sourceTree = "<group>"; };
		52957B4B28C79D380001073C /* TitleCollectionViewCell.swift */ = {isa = PBXFileReference; lastKnownFileType = sourcecode.swift; path = TitleCollectionViewCell.swift; sourceTree = "<group>"; };
		52BF08DC28C5C1E300F19227 /* NetflixClone.app */ = {isa = PBXFileReference; explicitFileType = wrapper.application; includeInIndex = 0; path = NetflixClone.app; sourceTree = BUILT_PRODUCTS_DIR; };
		52BF08DF28C5C1E300F19227 /* AppDelegate.swift */ = {isa = PBXFileReference; lastKnownFileType = sourcecode.swift; path = AppDelegate.swift; sourceTree = "<group>"; };
		52BF08E128C5C1E300F19227 /* SceneDelegate.swift */ = {isa = PBXFileReference; lastKnownFileType = sourcecode.swift; path = SceneDelegate.swift; sourceTree = "<group>"; };
		52BF08E328C5C1E300F19227 /* MainTabBarVC.swift */ = {isa = PBXFileReference; lastKnownFileType = sourcecode.swift; path = MainTabBarVC.swift; sourceTree = "<group>"; };
		52BF08E828C5C1E400F19227 /* Assets.xcassets */ = {isa = PBXFileReference; lastKnownFileType = folder.assetcatalog; path = Assets.xcassets; sourceTree = "<group>"; };
		52BF08EB28C5C1E400F19227 /* Base */ = {isa = PBXFileReference; lastKnownFileType = file.storyboard; name = Base; path = Base.lproj/LaunchScreen.storyboard; sourceTree = "<group>"; };
		52BF08ED28C5C1E400F19227 /* Info.plist */ = {isa = PBXFileReference; lastKnownFileType = text.plist.xml; path = Info.plist; sourceTree = "<group>"; };
		52BF08F428C5C5B300F19227 /* HomeVC.swift */ = {isa = PBXFileReference; lastKnownFileType = sourcecode.swift; path = HomeVC.swift; sourceTree = "<group>"; };
		52BF08F628C5C62100F19227 /* UpcomingVC.swift */ = {isa = PBXFileReference; lastKnownFileType = sourcecode.swift; path = UpcomingVC.swift; sourceTree = "<group>"; };
		52BF08F928C5C64700F19227 /* SearchVC.swift */ = {isa = PBXFileReference; lastKnownFileType = sourcecode.swift; path = SearchVC.swift; sourceTree = "<group>"; };
		52BF08FB28C5C66D00F19227 /* DownloadsVC.swift */ = {isa = PBXFileReference; lastKnownFileType = sourcecode.swift; path = DownloadsVC.swift; sourceTree = "<group>"; };
		52BF090228C653FB00F19227 /* CollectionTableViewCell.swift */ = {isa = PBXFileReference; lastKnownFileType = sourcecode.swift; path = CollectionTableViewCell.swift; sourceTree = "<group>"; };
/* End PBXFileReference section */

/* Begin PBXFrameworksBuildPhase section */
		52BF08D928C5C1E300F19227 /* Frameworks */ = {
			isa = PBXFrameworksBuildPhase;
			buildActionMask = 2147483647;
			files = (
			);
			runOnlyForDeploymentPostprocessing = 0;
		};
/* End PBXFrameworksBuildPhase section */

/* Begin PBXGroup section */
		52BF08D328C5C1E300F19227 = {
			isa = PBXGroup;
			children = (
				52BF08DE28C5C1E300F19227 /* NetflixClone */,
				52BF08DD28C5C1E300F19227 /* Products */,
			);
			sourceTree = "<group>";
		};
		52BF08DD28C5C1E300F19227 /* Products */ = {
			isa = PBXGroup;
			children = (
				52BF08DC28C5C1E300F19227 /* NetflixClone.app */,
			);
			name = Products;
			sourceTree = "<group>";
		};
		52BF08DE28C5C1E300F19227 /* NetflixClone */ = {
			isa = PBXGroup;
			children = (
				52BF090128C64B3800F19227 /* Managers */,
				52BF090028C64B2500F19227 /* Resorces */,
				52BF08FF28C64AF500F19227 /* Models */,
				52BF08FD28C64AB400F19227 /* Views */,
				52BF08FE28C64ADE00F19227 /* ViewModels */,
				52BF08F328C5C58F00F19227 /* Controllers */,
				52BF08DF28C5C1E300F19227 /* AppDelegate.swift */,
				52BF08E128C5C1E300F19227 /* SceneDelegate.swift */,
				52BF08E328C5C1E300F19227 /* MainTabBarVC.swift */,
				52BF08E828C5C1E400F19227 /* Assets.xcassets */,
				52BF08EA28C5C1E400F19227 /* LaunchScreen.storyboard */,
				52BF08ED28C5C1E400F19227 /* Info.plist */,
			);
			path = NetflixClone;
			sourceTree = "<group>";
		};
		52BF08F328C5C58F00F19227 /* Controllers */ = {
			isa = PBXGroup;
			children = (
				52BF08F428C5C5B300F19227 /* HomeVC.swift */,
				52BF08F628C5C62100F19227 /* UpcomingVC.swift */,
				52BF08F928C5C64700F19227 /* SearchVC.swift */,
				52BF08FB28C5C66D00F19227 /* DownloadsVC.swift */,
			);
			path = Controllers;
			sourceTree = "<group>";
		};
		52BF08FD28C64AB400F19227 /* Views */ = {
			isa = PBXGroup;
			children = (
				52BF090228C653FB00F19227 /* CollectionTableViewCell.swift */,
				525EC0BE28C70E04005A7346 /* HeroHeaderView.swift */,
				52957B4B28C79D380001073C /* TitleCollectionViewCell.swift */,
			);
			path = Views;
			sourceTree = "<group>";
		};
		52BF08FE28C64ADE00F19227 /* ViewModels */ = {
			isa = PBXGroup;
			children = (
			);
			path = ViewModels;
			sourceTree = "<group>";
		};
		52BF08FF28C64AF500F19227 /* Models */ = {
			isa = PBXGroup;
			children = (
				525EC0C228C74F57005A7346 /* Title.swift */,
			);
			path = Models;
			sourceTree = "<group>";
		};
		52BF090028C64B2500F19227 /* Resorces */ = {
			isa = PBXGroup;
			children = (
				525EC0C428C780FB005A7346 /* Extensions.swift */,
			);
			path = Resorces;
			sourceTree = "<group>";
		};
		52BF090128C64B3800F19227 /* Managers */ = {
			isa = PBXGroup;
			children = (
				525EC0C028C74A4A005A7346 /* APICaller.swift */,
			);
			path = Managers;
			sourceTree = "<group>";
		};
/* End PBXGroup section */

/* Begin PBXNativeTarget section */
		52BF08DB28C5C1E300F19227 /* NetflixClone */ = {
			isa = PBXNativeTarget;
			buildConfigurationList = 52BF08F028C5C1E400F19227 /* Build configuration list for PBXNativeTarget "NetflixClone" */;
			buildPhases = (
				52BF08D828C5C1E300F19227 /* Sources */,
				52BF08D928C5C1E300F19227 /* Frameworks */,
				52BF08DA28C5C1E300F19227 /* Resources */,
			);
			buildRules = (
			);
			dependencies = (
			);
			name = NetflixClone;
			productName = NetflixClone;
			productReference = 52BF08DC28C5C1E300F19227 /* NetflixClone.app */;
			productType = "com.apple.product-type.application";
		};
/* End PBXNativeTarget section */

/* Begin PBXProject section */
		52BF08D428C5C1E300F19227 /* Project object */ = {
			isa = PBXProject;
			attributes = {
				BuildIndependentTargetsInParallel = 1;
				LastSwiftUpdateCheck = 1310;
				LastUpgradeCheck = 1310;
				TargetAttributes = {
					52BF08DB28C5C1E300F19227 = {
						CreatedOnToolsVersion = 13.1;
					};
				};
			};
			buildConfigurationList = 52BF08D728C5C1E300F19227 /* Build configuration list for PBXProject "NetflixClone" */;
			compatibilityVersion = "Xcode 13.0";
			developmentRegion = en;
			hasScannedForEncodings = 0;
			knownRegions = (
				en,
				Base,
			);
			mainGroup = 52BF08D328C5C1E300F19227;
			productRefGroup = 52BF08DD28C5C1E300F19227 /* Products */;
			projectDirPath = "";
			projectRoot = "";
			targets = (
				52BF08DB28C5C1E300F19227 /* NetflixClone */,
			);
		};
/* End PBXProject section */

/* Begin PBXResourcesBuildPhase section */
		52BF08DA28C5C1E300F19227 /* Resources */ = {
			isa = PBXResourcesBuildPhase;
			buildActionMask = 2147483647;
			files = (
				52BF08EC28C5C1E400F19227 /* LaunchScreen.storyboard in Resources */,
				52BF08E928C5C1E400F19227 /* Assets.xcassets in Resources */,
			);
			runOnlyForDeploymentPostprocessing = 0;
		};
/* End PBXResourcesBuildPhase section */

/* Begin PBXSourcesBuildPhase section */
		52BF08D828C5C1E300F19227 /* Sources */ = {
			isa = PBXSourcesBuildPhase;
			buildActionMask = 2147483647;
			files = (
				52BF08FA28C5C64700F19227 /* SearchVC.swift in Sources */,
				52957B4C28C79D380001073C /* TitleCollectionViewCell.swift in Sources */,
				52BF08E428C5C1E300F19227 /* MainTabBarVC.swift in Sources */,
				52BF08F528C5C5B300F19227 /* HomeVC.swift in Sources */,
				525EC0C128C74A4A005A7346 /* APICaller.swift in Sources */,
				52BF08E028C5C1E300F19227 /* AppDelegate.swift in Sources */,
				525EC0BF28C70E04005A7346 /* HeroHeaderView.swift in Sources */,
				52BF08FC28C5C66D00F19227 /* DownloadsVC.swift in Sources */,
				525EC0C528C780FB005A7346 /* Extensions.swift in Sources */,
				52BF08F728C5C62200F19227 /* UpcomingVC.swift in Sources */,
				52BF08E228C5C1E300F19227 /* SceneDelegate.swift in Sources */,
				525EC0C328C74F57005A7346 /* Title.swift in Sources */,
				52BF090328C653FB00F19227 /* CollectionTableViewCell.swift in Sources */,
			);
			runOnlyForDeploymentPostprocessing = 0;
		};
/* End PBXSourcesBuildPhase section */

/* Begin PBXVariantGroup section */
		52BF08EA28C5C1E400F19227 /* LaunchScreen.storyboard */ = {
			isa = PBXVariantGroup;
			children = (
				52BF08EB28C5C1E400F19227 /* Base */,
			);
			name = LaunchScreen.storyboard;
			sourceTree = "<group>";
		};
/* End PBXVariantGroup section */

/* Begin XCBuildConfiguration section */
		52BF08EE28C5C1E400F19227 /* Debug */ = {
			isa = XCBuildConfiguration;
			buildSettings = {
				ALWAYS_SEARCH_USER_PATHS = NO;
				CLANG_ANALYZER_NONNULL = YES;
				CLANG_ANALYZER_NUMBER_OBJECT_CONVERSION = YES_AGGRESSIVE;
				CLANG_CXX_LANGUAGE_STANDARD = "gnu++17";
				CLANG_CXX_LIBRARY = "libc++";
				CLANG_ENABLE_MODULES = YES;
				CLANG_ENABLE_OBJC_ARC = YES;
				CLANG_ENABLE_OBJC_WEAK = YES;
				CLANG_WARN_BLOCK_CAPTURE_AUTORELEASING = YES;
				CLANG_WARN_BOOL_CONVERSION = YES;
				CLANG_WARN_COMMA = YES;
				CLANG_WARN_CONSTANT_CONVERSION = YES;
				CLANG_WARN_DEPRECATED_OBJC_IMPLEMENTATIONS = YES;
				CLANG_WARN_DIRECT_OBJC_ISA_USAGE = YES_ERROR;
				CLANG_WARN_DOCUMENTATION_COMMENTS = YES;
				CLANG_WARN_EMPTY_BODY = YES;
				CLANG_WARN_ENUM_CONVERSION = YES;
				CLANG_WARN_INFINITE_RECURSION = YES;
				CLANG_WARN_INT_CONVERSION = YES;
				CLANG_WARN_NON_LITERAL_NULL_CONVERSION = YES;
				CLANG_WARN_OBJC_IMPLICIT_RETAIN_SELF = YES;
				CLANG_WARN_OBJC_LITERAL_CONVERSION = YES;
				CLANG_WARN_OBJC_ROOT_CLASS = YES_ERROR;
				CLANG_WARN_QUOTED_INCLUDE_IN_FRAMEWORK_HEADER = YES;
				CLANG_WARN_RANGE_LOOP_ANALYSIS = YES;
				CLANG_WARN_STRICT_PROTOTYPES = YES;
				CLANG_WARN_SUSPICIOUS_MOVE = YES;
				CLANG_WARN_UNGUARDED_AVAILABILITY = YES_AGGRESSIVE;
				CLANG_WARN_UNREACHABLE_CODE = YES;
				CLANG_WARN__DUPLICATE_METHOD_MATCH = YES;
				COPY_PHASE_STRIP = NO;
				DEBUG_INFORMATION_FORMAT = dwarf;
				ENABLE_STRICT_OBJC_MSGSEND = YES;
				ENABLE_TESTABILITY = YES;
				GCC_C_LANGUAGE_STANDARD = gnu11;
				GCC_DYNAMIC_NO_PIC = NO;
				GCC_NO_COMMON_BLOCKS = YES;
				GCC_OPTIMIZATION_LEVEL = 0;
				GCC_PREPROCESSOR_DEFINITIONS = (
					"DEBUG=1",
					"$(inherited)",
				);
				GCC_WARN_64_TO_32_BIT_CONVERSION = YES;
				GCC_WARN_ABOUT_RETURN_TYPE = YES_ERROR;
				GCC_WARN_UNDECLARED_SELECTOR = YES;
				GCC_WARN_UNINITIALIZED_AUTOS = YES_AGGRESSIVE;
				GCC_WARN_UNUSED_FUNCTION = YES;
				GCC_WARN_UNUSED_VARIABLE = YES;
				IPHONEOS_DEPLOYMENT_TARGET = 15.0;
				MTL_ENABLE_DEBUG_INFO = INCLUDE_SOURCE;
				MTL_FAST_MATH = YES;
				ONLY_ACTIVE_ARCH = YES;
				SDKROOT = iphoneos;
				SWIFT_ACTIVE_COMPILATION_CONDITIONS = DEBUG;
				SWIFT_OPTIMIZATION_LEVEL = "-Onone";
			};
			name = Debug;
		};
		52BF08EF28C5C1E400F19227 /* Release */ = {
			isa = XCBuildConfiguration;
			buildSettings = {
				ALWAYS_SEARCH_USER_PATHS = NO;
				CLANG_ANALYZER_NONNULL = YES;
				CLANG_ANALYZER_NUMBER_OBJECT_CONVERSION = YES_AGGRESSIVE;
				CLANG_CXX_LANGUAGE_STANDARD = "gnu++17";
				CLANG_CXX_LIBRARY = "libc++";
				CLANG_ENABLE_MODULES = YES;
				CLANG_ENABLE_OBJC_ARC = YES;
				CLANG_ENABLE_OBJC_WEAK = YES;
				CLANG_WARN_BLOCK_CAPTURE_AUTORELEASING = YES;
				CLANG_WARN_BOOL_CONVERSION = YES;
				CLANG_WARN_COMMA = YES;
				CLANG_WARN_CONSTANT_CONVERSION = YES;
				CLANG_WARN_DEPRECATED_OBJC_IMPLEMENTATIONS = YES;
				CLANG_WARN_DIRECT_OBJC_ISA_USAGE = YES_ERROR;
				CLANG_WARN_DOCUMENTATION_COMMENTS = YES;
				CLANG_WARN_EMPTY_BODY = YES;
				CLANG_WARN_ENUM_CONVERSION = YES;
				CLANG_WARN_INFINITE_RECURSION = YES;
				CLANG_WARN_INT_CONVERSION = YES;
				CLANG_WARN_NON_LITERAL_NULL_CONVERSION = YES;
				CLANG_WARN_OBJC_IMPLICIT_RETAIN_SELF = YES;
				CLANG_WARN_OBJC_LITERAL_CONVERSION = YES;
				CLANG_WARN_OBJC_ROOT_CLASS = YES_ERROR;
				CLANG_WARN_QUOTED_INCLUDE_IN_FRAMEWORK_HEADER = YES;
				CLANG_WARN_RANGE_LOOP_ANALYSIS = YES;
				CLANG_WARN_STRICT_PROTOTYPES = YES;
				CLANG_WARN_SUSPICIOUS_MOVE = YES;
				CLANG_WARN_UNGUARDED_AVAILABILITY = YES_AGGRESSIVE;
				CLANG_WARN_UNREACHABLE_CODE = YES;
				CLANG_WARN__DUPLICATE_METHOD_MATCH = YES;
				COPY_PHASE_STRIP = NO;
				DEBUG_INFORMATION_FORMAT = "dwarf-with-dsym";
				ENABLE_NS_ASSERTIONS = NO;
				ENABLE_STRICT_OBJC_MSGSEND = YES;
				GCC_C_LANGUAGE_STANDARD = gnu11;
				GCC_NO_COMMON_BLOCKS = YES;
				GCC_WARN_64_TO_32_BIT_CONVERSION = YES;
				GCC_WARN_ABOUT_RETURN_TYPE = YES_ERROR;
				GCC_WARN_UNDECLARED_SELECTOR = YES;
				GCC_WARN_UNINITIALIZED_AUTOS = YES_AGGRESSIVE;
				GCC_WARN_UNUSED_FUNCTION = YES;
				GCC_WARN_UNUSED_VARIABLE = YES;
				IPHONEOS_DEPLOYMENT_TARGET = 15.0;
				MTL_ENABLE_DEBUG_INFO = NO;
				MTL_FAST_MATH = YES;
				SDKROOT = iphoneos;
				SWIFT_COMPILATION_MODE = wholemodule;
				SWIFT_OPTIMIZATION_LEVEL = "-O";
				VALIDATE_PRODUCT = YES;
			};
			name = Release;
		};
		52BF08F128C5C1E400F19227 /* Debug */ = {
			isa = XCBuildConfiguration;
			buildSettings = {
				ASSETCATALOG_COMPILER_APPICON_NAME = AppIcon;
				ASSETCATALOG_COMPILER_GLOBAL_ACCENT_COLOR_NAME = AccentColor;
				CODE_SIGN_STYLE = Automatic;
				CURRENT_PROJECT_VERSION = 1;
				DEVELOPMENT_TEAM = 553DP5SJ57;
				GENERATE_INFOPLIST_FILE = YES;
				INFOPLIST_FILE = NetflixClone/Info.plist;
				INFOPLIST_KEY_UIApplicationSupportsIndirectInputEvents = YES;
				INFOPLIST_KEY_UILaunchStoryboardName = LaunchScreen;
				INFOPLIST_KEY_UISupportedInterfaceOrientations = UIInterfaceOrientationPortrait;
				INFOPLIST_KEY_UISupportedInterfaceOrientations_iPad = "UIInterfaceOrientationPortrait UIInterfaceOrientationPortraitUpsideDown UIInterfaceOrientationLandscapeLeft UIInterfaceOrientationLandscapeRight";
				INFOPLIST_KEY_UISupportedInterfaceOrientations_iPhone = "UIInterfaceOrientationPortrait UIInterfaceOrientationLandscapeLeft UIInterfaceOrientationLandscapeRight";
				LD_RUNPATH_SEARCH_PATHS = (
					"$(inherited)",
					"@executable_path/Frameworks",
				);
				MARKETING_VERSION = 1.0;
				PRODUCT_BUNDLE_IDENTIFIER = ASaidaxmad.NetflixClone;
				PRODUCT_NAME = "$(TARGET_NAME)";
				SWIFT_EMIT_LOC_STRINGS = YES;
				SWIFT_VERSION = 5.0;
				TARGETED_DEVICE_FAMILY = 1;
			};
			name = Debug;
		};
		52BF08F228C5C1E400F19227 /* Release */ = {
			isa = XCBuildConfiguration;
			buildSettings = {
				ASSETCATALOG_COMPILER_APPICON_NAME = AppIcon;
				ASSETCATALOG_COMPILER_GLOBAL_ACCENT_COLOR_NAME = AccentColor;
				CODE_SIGN_STYLE = Automatic;
				CURRENT_PROJECT_VERSION = 1;
				DEVELOPMENT_TEAM = 553DP5SJ57;
				GENERATE_INFOPLIST_FILE = YES;
				INFOPLIST_FILE = NetflixClone/Info.plist;
				INFOPLIST_KEY_UIApplicationSupportsIndirectInputEvents = YES;
				INFOPLIST_KEY_UILaunchStoryboardName = LaunchScreen;
				INFOPLIST_KEY_UISupportedInterfaceOrientations = UIInterfaceOrientationPortrait;
				INFOPLIST_KEY_UISupportedInterfaceOrientations_iPad = "UIInterfaceOrientationPortrait UIInterfaceOrientationPortraitUpsideDown UIInterfaceOrientationLandscapeLeft UIInterfaceOrientationLandscapeRight";
				INFOPLIST_KEY_UISupportedInterfaceOrientations_iPhone = "UIInterfaceOrientationPortrait UIInterfaceOrientationLandscapeLeft UIInterfaceOrientationLandscapeRight";
				LD_RUNPATH_SEARCH_PATHS = (
					"$(inherited)",
					"@executable_path/Frameworks",
				);
				MARKETING_VERSION = 1.0;
				PRODUCT_BUNDLE_IDENTIFIER = ASaidaxmad.NetflixClone;
				PRODUCT_NAME = "$(TARGET_NAME)";
				SWIFT_EMIT_LOC_STRINGS = YES;
				SWIFT_VERSION = 5.0;
				TARGETED_DEVICE_FAMILY = 1;
			};
			name = Release;
		};
/* End XCBuildConfiguration section */

/* Begin XCConfigurationList section */
		52BF08D728C5C1E300F19227 /* Build configuration list for PBXProject "NetflixClone" */ = {
			isa = XCConfigurationList;
			buildConfigurations = (
				52BF08EE28C5C1E400F19227 /* Debug */,
				52BF08EF28C5C1E400F19227 /* Release */,
			);
			defaultConfigurationIsVisible = 0;
			defaultConfigurationName = Release;
		};
		52BF08F028C5C1E400F19227 /* Build configuration list for PBXNativeTarget "NetflixClone" */ = {
			isa = XCConfigurationList;
			buildConfigurations = (
				52BF08F128C5C1E400F19227 /* Debug */,
				52BF08F228C5C1E400F19227 /* Release */,
			);
			defaultConfigurationIsVisible = 0;
			defaultConfigurationName = Release;
		};
/* End XCConfigurationList section */
	};
	rootObject = 52BF08D428C5C1E300F19227 /* Project object */;
}
